// !$*UTF8*$!
{
	archiveVersion = 1;
	classes = {
	};
	objectVersion = 46;
	objects = {

/* Begin PBXBuildFile section */
		84C2F82E19F8B4C3000AEA47 /* main.m in Sources */ = {isa = PBXBuildFile; fileRef = 84C2F82D19F8B4C3000AEA47 /* main.m */; };
		84C2F83119F8B4C3000AEA47 /* AppDelegate.m in Sources */ = {isa = PBXBuildFile; fileRef = 84C2F83019F8B4C3000AEA47 /* AppDelegate.m */; };
		84C2F83419F8B4C3000AEA47 /* MasterViewController.m in Sources */ = {isa = PBXBuildFile; fileRef = 84C2F83319F8B4C3000AEA47 /* MasterViewController.m */; };
		84C2F83719F8B4C3000AEA47 /* DetailViewController.m in Sources */ = {isa = PBXBuildFile; fileRef = 84C2F83619F8B4C3000AEA47 /* DetailViewController.m */; };
		84C2F83A19F8B4C3000AEA47 /* Main.storyboard in Resources */ = {isa = PBXBuildFile; fileRef = 84C2F83819F8B4C3000AEA47 /* Main.storyboard */; };
		84C2F83C19F8B4C3000AEA47 /* Images.xcassets in Resources */ = {isa = PBXBuildFile; fileRef = 84C2F83B19F8B4C3000AEA47 /* Images.xcassets */; };
		84C2F83F19F8B4C3000AEA47 /* LaunchScreen.xib in Resources */ = {isa = PBXBuildFile; fileRef = 84C2F83D19F8B4C3000AEA47 /* LaunchScreen.xib */; };
		84C2F84B19F8B4C4000AEA47 /* testTests.m in Sources */ = {isa = PBXBuildFile; fileRef = 84C2F84A19F8B4C4000AEA47 /* testTests.m */; };
/* End PBXBuildFile section */

/* Begin PBXContainerItemProxy section */
		84C2F84519F8B4C4000AEA47 /* PBXContainerItemProxy */ = {
			isa = PBXContainerItemProxy;
			containerPortal = 84C2F82019F8B4C3000AEA47 /* Project object */;
			proxyType = 1;
			remoteGlobalIDString = 84C2F82719F8B4C3000AEA47;
			remoteInfo = test;
		};
/* End PBXContainerItemProxy section */

/* Begin PBXFileReference section */
		84C2F82819F8B4C3000AEA47 /* test.app */ = {isa = PBXFileReference; explicitFileType = wrapper.application; includeInIndex = 0; path = test.app; sourceTree = BUILT_PRODUCTS_DIR; };
		84C2F82C19F8B4C3000AEA47 /* Info.plist */ = {isa = PBXFileReference; lastKnownFileType = text.plist.xml; path = Info.plist; sourceTree = "<group>"; };
		84C2F82D19F8B4C3000AEA47 /* main.m */ = {isa = PBXFileReference; lastKnownFileType = sourcecode.c.objc; path = main.m; sourceTree = "<group>"; };
		84C2F82F19F8B4C3000AEA47 /* AppDelegate.h */ = {isa = PBXFileReference; lastKnownFileType = sourcecode.c.h; path = AppDelegate.h; sourceTree = "<group>"; };
		84C2F83019F8B4C3000AEA47 /* AppDelegate.m */ = {isa = PBXFileReference; lastKnownFileType = sourcecode.c.objc; path = AppDelegate.m; sourceTree = "<group>"; };
		84C2F83219F8B4C3000AEA47 /* MasterViewController.h */ = {isa = PBXFileReference; lastKnownFileType = sourcecode.c.h; path = MasterViewController.h; sourceTree = "<group>"; };
		84C2F83319F8B4C3000AEA47 /* MasterViewController.m */ = {isa = PBXFileReference; lastKnownFileType = sourcecode.c.objc; path = MasterViewController.m; sourceTree = "<group>"; };
		84C2F83519F8B4C3000AEA47 /* DetailViewController.h */ = {isa = PBXFileReference; lastKnownFileType = sourcecode.c.h; path = DetailViewController.h; sourceTree = "<group>"; };
		84C2F83619F8B4C3000AEA47 /* DetailViewController.m */ = {isa = PBXFileReference; lastKnownFileType = sourcecode.c.objc; path = DetailViewController.m; sourceTree = "<group>"; };
		84C2F83919F8B4C3000AEA47 /* Base */ = {isa = PBXFileReference; lastKnownFileType = file.storyboard; name = Base; path = Base.lproj/Main.storyboard; sourceTree = "<group>"; };
		84C2F83B19F8B4C3000AEA47 /* Images.xcassets */ = {isa = PBXFileReference; lastKnownFileType = folder.assetcatalog; path = Images.xcassets; sourceTree = "<group>"; };
		84C2F83E19F8B4C3000AEA47 /* Base */ = {isa = PBXFileReference; lastKnownFileType = file.xib; name = Base; path = Base.lproj/LaunchScreen.xib; sourceTree = "<group>"; };
		84C2F84419F8B4C4000AEA47 /* testTests.xctest */ = {isa = PBXFileReference; explicitFileType = wrapper.cfbundle; includeInIndex = 0; path = testTests.xctest; sourceTree = BUILT_PRODUCTS_DIR; };
		84C2F84919F8B4C4000AEA47 /* Info.plist */ = {isa = PBXFileReference; lastKnownFileType = text.plist.xml; path = Info.plist; sourceTree = "<group>"; };
		84C2F84A19F8B4C4000AEA47 /* testTests.m */ = {isa = PBXFileReference; lastKnownFileType = sourcecode.c.objc; path = testTests.m; sourceTree = "<group>"; };
/* End PBXFileReference section */

/* Begin PBXFrameworksBuildPhase section */
		84C2F82519F8B4C3000AEA47 /* Frameworks */ = {
			isa = PBXFrameworksBuildPhase;
			buildActionMask = 2147483647;
			files = (
			);
			runOnlyForDeploymentPostprocessing = 0;
		};
		84C2F84119F8B4C4000AEA47 /* Frameworks */ = {
			isa = PBXFrameworksBuildPhase;
			buildActionMask = 2147483647;
			files = (
			);
			runOnlyForDeploymentPostprocessing = 0;
		};
/* End PBXFrameworksBuildPhase section */

/* Begin PBXGroup section */
		84C2F81F19F8B4C3000AEA47 = {
			isa = PBXGroup;
			children = (
				84C2F82A19F8B4C3000AEA47 /* test */,
				84C2F84719F8B4C4000AEA47 /* testTests */,
				84C2F82919F8B4C3000AEA47 /* Products */,
			);
			sourceTree = "<group>";
		};
		84C2F82919F8B4C3000AEA47 /* Products */ = {
			isa = PBXGroup;
			children = (
				84C2F82819F8B4C3000AEA47 /* test.app */,
				84C2F84419F8B4C4000AEA47 /* testTests.xctest */,
			);
			name = Products;
			sourceTree = "<group>";
		};
		84C2F82A19F8B4C3000AEA47 /* test */ = {
			isa = PBXGroup;
			children = (
				84C2F82F19F8B4C3000AEA47 /* AppDelegate.h */,
				84C2F83019F8B4C3000AEA47 /* AppDelegate.m */,
				84C2F83219F8B4C3000AEA47 /* MasterViewController.h */,
				84C2F83319F8B4C3000AEA47 /* MasterViewController.m */,
				84C2F83519F8B4C3000AEA47 /* DetailViewController.h */,
				84C2F83619F8B4C3000AEA47 /* DetailViewController.m */,
				84C2F83819F8B4C3000AEA47 /* Main.storyboard */,
				84C2F83B19F8B4C3000AEA47 /* Images.xcassets */,
				84C2F83D19F8B4C3000AEA47 /* LaunchScreen.xib */,
				84C2F82B19F8B4C3000AEA47 /* Supporting Files */,
			);
			path = test;
			sourceTree = "<group>";
		};
		84C2F82B19F8B4C3000AEA47 /* Supporting Files */ = {
			isa = PBXGroup;
			children = (
				84C2F82C19F8B4C3000AEA47 /* Info.plist */,
				84C2F82D19F8B4C3000AEA47 /* main.m */,
			);
			name = "Supporting Files";
			sourceTree = "<group>";
		};
		84C2F84719F8B4C4000AEA47 /* testTests */ = {
			isa = PBXGroup;
			children = (
				84C2F84A19F8B4C4000AEA47 /* testTests.m */,
				84C2F84819F8B4C4000AEA47 /* Supporting Files */,
			);
			path = testTests;
			sourceTree = "<group>";
		};
		84C2F84819F8B4C4000AEA47 /* Supporting Files */ = {
			isa = PBXGroup;
			children = (
				84C2F84919F8B4C4000AEA47 /* Info.plist */,
			);
			name = "Supporting Files";
			sourceTree = "<group>";
		};
/* End PBXGroup section */

/* Begin PBXNativeTarget section */
		84C2F82719F8B4C3000AEA47 /* test */ = {
			isa = PBXNativeTarget;
			buildConfigurationList = 84C2F84E19F8B4C4000AEA47 /* Build configuration list for PBXNativeTarget "test" */;
			buildPhases = (
				84C2F82419F8B4C3000AEA47 /* Sources */,
				84C2F82519F8B4C3000AEA47 /* Frameworks */,
				84C2F82619F8B4C3000AEA47 /* Resources */,
			);
			buildRules = (
			);
			dependencies = (
			);
			name = test;
			productName = test;
			productReference = 84C2F82819F8B4C3000AEA47 /* test.app */;
			productType = "com.apple.product-type.application";
		};
		84C2F84319F8B4C4000AEA47 /* testTests */ = {
			isa = PBXNativeTarget;
			buildConfigurationList = 84C2F85119F8B4C4000AEA47 /* Build configuration list for PBXNativeTarget "testTests" */;
			buildPhases = (
				84C2F84019F8B4C4000AEA47 /* Sources */,
				84C2F84119F8B4C4000AEA47 /* Frameworks */,
				84C2F84219F8B4C4000AEA47 /* Resources */,
			);
			buildRules = (
			);
			dependencies = (
				84C2F84619F8B4C4000AEA47 /* PBXTargetDependency */,
			);
			name = testTests;
			productName = testTests;
			productReference = 84C2F84419F8B4C4000AEA47 /* testTests.xctest */;
			productType = "com.apple.product-type.bundle.unit-test";
		};
/* End PBXNativeTarget section */

/* Begin PBXProject section */
		84C2F82019F8B4C3000AEA47 /* Project object */ = {
			isa = PBXProject;
			attributes = {
				LastUpgradeCheck = 0600;
				ORGANIZATIONNAME = kawakami_mac;
				TargetAttributes = {
					84C2F82719F8B4C3000AEA47 = {
						CreatedOnToolsVersion = 6.0.1;
					};
					84C2F84319F8B4C4000AEA47 = {
						CreatedOnToolsVersion = 6.0.1;
						TestTargetID = 84C2F82719F8B4C3000AEA47;
					};
				};
			};
			buildConfigurationList = 84C2F82319F8B4C3000AEA47 /* Build configuration list for PBXProject "test" */;
			compatibilityVersion = "Xcode 3.2";
			developmentRegion = English;
			hasScannedForEncodings = 0;
			knownRegions = (
				en,
				Base,
			);
			mainGroup = 84C2F81F19F8B4C3000AEA47;
			productRefGroup = 84C2F82919F8B4C3000AEA47 /* Products */;
			projectDirPath = "";
			projectRoot = "";
			targets = (
				84C2F82719F8B4C3000AEA47 /* test */,
				84C2F84319F8B4C4000AEA47 /* testTests */,
			);
		};
/* End PBXProject section */

/* Begin PBXResourcesBuildPhase section */
		84C2F82619F8B4C3000AEA47 /* Resources */ = {
			isa = PBXResourcesBuildPhase;
			buildActionMask = 2147483647;
			files = (
				84C2F83A19F8B4C3000AEA47 /* Main.storyboard in Resources */,
				84C2F83F19F8B4C3000AEA47 /* LaunchScreen.xib in Resources */,
				84C2F83C19F8B4C3000AEA47 /* Images.xcassets in Resources */,
			);
			runOnlyForDeploymentPostprocessing = 0;
		};
		84C2F84219F8B4C4000AEA47 /* Resources */ = {
			isa = PBXResourcesBuildPhase;
			buildActionMask = 2147483647;
			files = (
			);
			runOnlyForDeploymentPostprocessing = 0;
		};
/* End PBXResourcesBuildPhase section */

/* Begin PBXSourcesBuildPhase section */
		84C2F82419F8B4C3000AEA47 /* Sources */ = {
			isa = PBXSourcesBuildPhase;
			buildActionMask = 2147483647;
			files = (
				84C2F83119F8B4C3000AEA47 /* AppDelegate.m in Sources */,
				84C2F83419F8B4C3000AEA47 /* MasterViewController.m in Sources */,
				84C2F82E19F8B4C3000AEA47 /* main.m in Sources */,
				84C2F83719F8B4C3000AEA47 /* DetailViewController.m in Sources */,
			);
			runOnlyForDeploymentPostprocessing = 0;
		};
		84C2F84019F8B4C4000AEA47 /* Sources */ = {
			isa = PBXSourcesBuildPhase;
			buildActionMask = 2147483647;
			files = (
				84C2F84B19F8B4C4000AEA47 /* testTests.m in Sources */,
			);
			runOnlyForDeploymentPostprocessing = 0;
		};
/* End PBXSourcesBuildPhase section */

/* Begin PBXTargetDependency section */
		84C2F84619F8B4C4000AEA47 /* PBXTargetDependency */ = {
			isa = PBXTargetDependency;
			target = 84C2F82719F8B4C3000AEA47 /* test */;
			targetProxy = 84C2F84519F8B4C4000AEA47 /* PBXContainerItemProxy */;
		};
/* End PBXTargetDependency section */

/* Begin PBXVariantGroup section */
		84C2F83819F8B4C3000AEA47 /* Main.storyboard */ = {
			isa = PBXVariantGroup;
			children = (
				84C2F83919F8B4C3000AEA47 /* Base */,
			);
			name = Main.storyboard;
			sourceTree = "<group>";
		};
		84C2F83D19F8B4C3000AEA47 /* LaunchScreen.xib */ = {
			isa = PBXVariantGroup;
			children = (
				84C2F83E19F8B4C3000AEA47 /* Base */,
			);
			name = LaunchScreen.xib;
			sourceTree = "<group>";
		};
/* End PBXVariantGroup section */

/* Begin XCBuildConfiguration section */
		84C2F84C19F8B4C4000AEA47 /* Debug */ = {
			isa = XCBuildConfiguration;
			buildSettings = {
				ALWAYS_SEARCH_USER_PATHS = NO;
				CLANG_CXX_LANGUAGE_STANDARD = "gnu++0x";
				CLANG_CXX_LIBRARY = "libc++";
				CLANG_ENABLE_MODULES = YES;
				CLANG_ENABLE_OBJC_ARC = YES;
				CLANG_WARN_BOOL_CONVERSION = YES;
				CLANG_WARN_CONSTANT_CONVERSION = YES;
				CLANG_WARN_DIRECT_OBJC_ISA_USAGE = YES_ERROR;
				CLANG_WARN_EMPTY_BODY = YES;
				CLANG_WARN_ENUM_CONVERSION = YES;
				CLANG_WARN_INT_CONVERSION = YES;
				CLANG_WARN_OBJC_ROOT_CLASS = YES_ERROR;
				CLANG_WARN_UNREACHABLE_CODE = YES;
				CLANG_WARN__DUPLICATE_METHOD_MATCH = YES;
				"CODE_SIGN_IDENTITY[sdk=iphoneos*]" = "iPhone Developer";
				COPY_PHASE_STRIP = NO;
				ENABLE_STRICT_OBJC_MSGSEND = YES;
				GCC_C_LANGUAGE_STANDARD = gnu99;
				GCC_DYNAMIC_NO_PIC = NO;
				GCC_OPTIMIZATION_LEVEL = 0;
				GCC_PREPROCESSOR_DEFINITIONS = (
					"DEBUG=1",
					"$(inherited)",
				);
				GCC_SYMBOLS_PRIVATE_EXTERN = NO;
				GCC_WARN_64_TO_32_BIT_CONVERSION = YES;
				GCC_WARN_ABOUT_RETURN_TYPE = YES_ERROR;
				GCC_WARN_UNDECLARED_SELECTOR = YES;
				GCC_WARN_UNINITIALIZED_AUTOS = YES_AGGRESSIVE;
				GCC_WARN_UNUSED_FUNCTION = YES;
				GCC_WARN_UNUSED_VARIABLE = YES;
				IPHONEOS_DEPLOYMENT_TARGET = 8.0;
				MTL_ENABLE_DEBUG_INFO = YES;
				ONLY_ACTIVE_ARCH = YES;
				SDKROOT = iphoneos;
			};
			name = Debug;
		};
		84C2F84D19F8B4C4000AEA47 /* Release */ = {
			isa = XCBuildConfiguration;
			buildSettings = {
				ALWAYS_SEARCH_USER_PATHS = NO;
				CLANG_CXX_LANGUAGE_STANDARD = "gnu++0x";
				CLANG_CXX_LIBRARY = "libc++";
				CLANG_ENABLE_MODULES = YES;
				CLANG_ENABLE_OBJC_ARC = YES;
				CLANG_WARN_BOOL_CONVERSION = YES;
				CLANG_WARN_CONSTANT_CONVERSION = YES;
				CLANG_WARN_DIRECT_OBJC_ISA_USAGE = YES_ERROR;
				CLANG_WARN_EMPTY_BODY = YES;
				CLANG_WARN_ENUM_CONVERSION = YES;
				CLANG_WARN_INT_CONVERSION = YES;
				CLANG_WARN_OBJC_ROOT_CLASS = YES_ERROR;
				CLANG_WARN_UNREACHABLE_CODE = YES;
				CLANG_WARN__DUPLICATE_METHOD_MATCH = YES;
				"CODE_SIGN_IDENTITY[sdk=iphoneos*]" = "iPhone Developer";
				COPY_PHASE_STRIP = YES;
				ENABLE_NS_ASSERTIONS = NO;
				ENABLE_STRICT_OBJC_MSGSEND = YES;
				GCC_C_LANGUAGE_STANDARD = gnu99;
				GCC_WARN_64_TO_32_BIT_CONVERSION = YES;
				GCC_WARN_ABOUT_RETURN_TYPE = YES_ERROR;
				GCC_WARN_UNDECLARED_SELECTOR = YES;
				GCC_WARN_UNINITIALIZED_AUTOS = YES_AGGRESSIVE;
				GCC_WARN_UNUSED_FUNCTION = YES;
				GCC_WARN_UNUSED_VARIABLE = YES;
				IPHONEOS_DEPLOYMENT_TARGET = 8.0;
				MTL_ENABLE_DEBUG_INFO = NO;
				SDKROOT = iphoneos;
				VALIDATE_PRODUCT = YES;
			};
			name = Release;
		};
		84C2F84F19F8B4C4000AEA47 /* Debug */ = {
			isa = XCBuildConfiguration;
			buildSettings = {
				ASSETCATALOG_COMPILER_APPICON_NAME = AppIcon;
				INFOPLIST_FILE = test/Info.plist;
				LD_RUNPATH_SEARCH_PATHS = "$(inherited) @executable_path/Frameworks";
				PRODUCT_NAME = "$(TARGET_NAME)";
			};
			name = Debug;
		};
		84C2F85019F8B4C4000AEA47 /* Release */ = {
			isa = XCBuildConfiguration;
			buildSettings = {
				ASSETCATALOG_COMPILER_APPICON_NAME = AppIcon;
				INFOPLIST_FILE = test/Info.plist;
				LD_RUNPATH_SEARCH_PATHS = "$(inherited) @executable_path/Frameworks";
				PRODUCT_NAME = "$(TARGET_NAME)";
			};
			name = Release;
		};
		84C2F85219F8B4C4000AEA47 /* Debug */ = {
			isa = XCBuildConfiguration;
			buildSettings = {
				BUNDLE_LOADER = "$(TEST_HOST)";
				FRAMEWORK_SEARCH_PATHS = (
					"$(SDKROOT)/Developer/Library/Frameworks",
					"$(inherited)",
				);
				GCC_PREPROCESSOR_DEFINITIONS = (
					"DEBUG=1",
					"$(inherited)",
				);
				INFOPLIST_FILE = testTests/Info.plist;
				LD_RUNPATH_SEARCH_PATHS = "$(inherited) @executable_path/Frameworks @loader_path/Frameworks";
				PRODUCT_NAME = "$(TARGET_NAME)";
				TEST_HOST = "$(BUILT_PRODUCTS_DIR)/test.app/test";
			};
			name = Debug;
		};
		84C2F85319F8B4C4000AEA47 /* Release */ = {
			isa = XCBuildConfiguration;
			buildSettings = {
				BUNDLE_LOADER = "$(TEST_HOST)";
				FRAMEWORK_SEARCH_PATHS = (
					"$(SDKROOT)/Developer/Library/Frameworks",
					"$(inherited)",
				);
				INFOPLIST_FILE = testTests/Info.plist;
				LD_RUNPATH_SEARCH_PATHS = "$(inherited) @executable_path/Frameworks @loader_path/Frameworks";
				PRODUCT_NAME = "$(TARGET_NAME)";
				TEST_HOST = "$(BUILT_PRODUCTS_DIR)/test.app/test";
			};
			name = Release;
		};
/* End XCBuildConfiguration section */

/* Begin XCConfigurationList section */
		84C2F82319F8B4C3000AEA47 /* Build configuration list for PBXProject "test" */ = {
			isa = XCConfigurationList;
			buildConfigurations = (
				84C2F84C19F8B4C4000AEA47 /* Debug */,
				84C2F84D19F8B4C4000AEA47 /* Release */,
			);
			defaultConfigurationIsVisible = 0;
			defaultConfigurationName = Release;
		};
		84C2F84E19F8B4C4000AEA47 /* Build configuration list for PBXNativeTarget "test" */ = {
			isa = XCConfigurationList;
			buildConfigurations = (
				84C2F84F19F8B4C4000AEA47 /* Debug */,
				84C2F85019F8B4C4000AEA47 /* Release */,
			);
			defaultConfigurationIsVisible = 0;
		};
		84C2F85119F8B4C4000AEA47 /* Build configuration list for PBXNativeTarget "testTests" */ = {
			isa = XCConfigurationList;
			buildConfigurations = (
				84C2F85219F8B4C4000AEA47 /* Debug */,
				84C2F85319F8B4C4000AEA47 /* Release */,
			);
			defaultConfigurationIsVisible = 0;
		};
/* End XCConfigurationList section */
	};
	rootObject = 84C2F82019F8B4C3000AEA47 /* Project object */;
}
